{
  "nodes": {
    "flakeNimbleLib": {
      "inputs": {
        "nixpkgs": [
          "nixpkgs"
        ]
      },
      "locked": {
        "lastModified": 1662018438,
        "narHash": "sha256-QtNtU6+LX3Wokxf0zlFwKTFOcn6TeDjKQZ+DA9OYtvM=",
        "owner": "riinr",
        "repo": "nim-flakes-lib",
        "rev": "b1fe8340736e3a85d25c709ac3dfd82a55c03cbf",
        "type": "github"
      },
      "original": {
        "owner": "riinr",
        "ref": "master",
        "repo": "nim-flakes-lib",
        "type": "github"
      }
    },
    "nimcb-master": {
      "inputs": {
        "flakeNimbleLib": [
          "flakeNimbleLib"
        ],
        "nixpkgs": [
          "nixpkgs"
        ],
        "src-nimcb-master": "src-nimcb-master"
      },
      "locked": {
        "dir": "master",
        "lastModified": 1662254649,
        "narHash": "sha256-1Do2+19L5prOLgocYE3HD4ZC1OCoGd4AgukvARn99iQ=",
        "owner": "nim-nix-pkgs",
        "repo": "nimcb",
        "rev": "a1dc413932118cc0ef73d8ef35e8b8cb93b28dc5",
        "type": "github"
      },
      "original": {
        "dir": "master",
        "owner": "nim-nix-pkgs",
        "ref": "master",
        "repo": "nimcb",
        "type": "github"
      }
    },
    "nixpkgs": {
      "locked": {
        "lastModified": 1667110639,
        "narHash": "sha256-4FbPESZ5LbqQxkJJJBAfk/zKgF9h/4kyUwjjpJwYlbc=",
        "owner": "NixOS",
        "repo": "nixpkgs",
        "rev": "f38a1f04d1bec1feb61fd101a0539ae2002a7087",
        "type": "github"
      },
      "original": {
        "id": "nixpkgs",
        "type": "indirect"
      }
    },
    "root": {
      "inputs": {
        "flakeNimbleLib": "flakeNimbleLib",
        "nimcb-master": "nimcb-master",
        "nixpkgs": "nixpkgs"
      }
    },
    "src-nimcb-master": {
      "flake": false,
      "locked": {
        "lastModified": 1537371372,
        "narHash": "sha256-2sR32D7+elnbl4jYtIIho2UFNdxyv+MEha8DK+z3LNQ=",
        "owner": "AdrianV",
        "repo": "nimcb",
        "rev": "b07815e1f0174da6035e9570f390dd9b833b715a",
        "type": "github"
      },
      "original": {
        "owner": "AdrianV",
        "ref": "refs/heads/master",
        "repo": "nimcb",
        "type": "github"
      }
    }
  },
  "root": "root",
  "version": 7
}
